
Microsoft Visual Studio Solution File, Format Version 12.00
# Visual Studio Version 16
VisualStudioVersion = 16.0.31019.35
MinimumVisualStudioVersion = 10.0.40219.1
Project("{FAE04EC0-301F-11D3-BF4B-00C04F79EFBC}") = "Math Approximation", "Math Approximation\Math Approximation.csproj", "{AB39B7B5-D3CA-4A64-90E8-9615B22FA963}"
EndProject
Global
	GlobalSection(SolutionConfigurationPlatforms) = preSolution
		Debug|Any CPU = Debug|Any CPU
		Release|Any CPU = Release|Any CPU
	EndGlobalSection
	GlobalSection(ProjectConfigurationPlatforms) = postSolution
		{AB39B7B5-D3CA-4A64-90E8-9615B22FA963}.Debug|Any CPU.ActiveCfg = Debug|Any CPU
		{AB39B7B5-D3CA-4A64-90E8-9615B22FA963}.Debug|Any CPU.Build.0 = Debug|Any CPU
		{AB39B7B5-D3CA-4A64-90E8-9615B22FA963}.Release|Any CPU.ActiveCfg = Release|Any CPU
		{AB39B7B5-D3CA-4A64-90E8-9615B22FA963}.Release|Any CPU.Build.0 = Release|Any CPU
	EndGlobalSection
	GlobalSection(SolutionProperties) = preSolution
		HideSolutionNode = FALSE
	EndGlobalSection
	GlobalSection(ExtensibilityGlobals) = postSolution
		SolutionGuid = {3FD826DC-E72A-4F3D-8669-8611CCF9A2B0}
	EndGlobalSection
EndGlobal
